<?xml version="1.0" encoding="utf-8"?>
<Project ToolsVersion="4.0" xmlns="http://schemas.microsoft.com/developer/msbuild/2003">
  <ItemGroup>
    <ClCompile Include="CLCriticalSection.cpp">
      <Filter>Source\Tool\Lock</Filter>
    </ClCompile>
    <ClCompile Include="CLGarbageCollector.cpp">
      <Filter>Source\GC</Filter>
    </ClCompile>
    <ClCompile Include="CLLSAClock.cpp">
      <Filter>Source\LSA</Filter>
    </ClCompile>
    <ClCompile Include="CLMutex.cpp">
      <Filter>Source\Tool\Lock</Filter>
    </ClCompile>
    <ClCompile Include="CLReadTransaction.cpp">
      <Filter>Source\Transaction</Filter>
    </ClCompile>
    <ClCompile Include="CLReadTransactionReadedObjects.cpp">
      <Filter>Source\Container</Filter>
    </ClCompile>
    <ClCompile Include="CLSnapShot.cpp">
      <Filter>Source\LSA</Filter>
    </ClCompile>
    <ClCompile Include="CLSpinLock.cpp">
      <Filter>Source\Tool\Lock</Filter>
    </ClCompile>
    <ClCompile Include="CLThreadTransactionManager.cpp">
      <Filter>Source\Transaction</Filter>
    </ClCompile>
    <ClCompile Include="CLTransaction.cpp">
      <Filter>Source\Transaction</Filter>
    </ClCompile>
    <ClCompile Include="CLTransactionAbort.cpp">
      <Filter>Source\Exception</Filter>
    </ClCompile>
    <ClCompile Include="CLTransactionalObjectLookupTable.cpp">
      <Filter>Source\Container</Filter>
    </ClCompile>
    <ClCompile Include="CLWriteTransaction.cpp">
      <Filter>Source\Transaction</Filter>
    </ClCompile>
    <ClCompile Include="SLLList.cpp">
      <Filter>Source\Tool</Filter>
    </ClCompile>
    <ClCompile Include="main.cpp">
      <Filter>Test</Filter>
    </ClCompile>
    <ClCompile Include="CLTransactionalObject.cpp">
      <Filter>Source\Object</Filter>
    </ClCompile>
    <ClCompile Include="SLObjectVersion.cpp">
      <Filter>Source\Object</Filter>
    </ClCompile>
    <ClCompile Include="CLLogItemsSet.cpp">
      <Filter>Source\Container</Filter>
    </ClCompile>
    <ClCompile Include="CLWriteTransactionOpenedOjects.cpp">
      <Filter>Source\Container</Filter>
    </ClCompile>
    <ClCompile Include="CLQuiescentStateManager.cpp">
      <Filter>Source\GC</Filter>
    </ClCompile>
    <ClCompile Include="CLDeletedObjectSet.cpp">
      <Filter>Source\GC</Filter>
    </ClCompile>
    <ClCompile Include="CLTransactionalObjectRadixTree.cpp">
      <Filter>Source\Container</Filter>
    </ClCompile>
    <ClCompile Include="SLTransactionalObjectCreateArgs.h">
      <Filter>Header\Object</Filter>
    </ClCompile>
    <ClCompile Include="CLNameAddressPair.cpp">
      <Filter>Source\NameServer</Filter>
    </ClCompile>
    <ClCompile Include="CLNameAddressPairSet.cpp">
      <Filter>Source\NameServer</Filter>
    </ClCompile>
    <ClCompile Include="CLNameServer.cpp">
      <Filter>Source\NameServer</Filter>
    </ClCompile>
    <ClCompile Include="SLNVMNameAddressPair.cpp">
      <Filter>Source\NameServer</Filter>
    </ClCompile>
    <ClCompile Include="CLTransactionAPIs.cpp" />
    <ClCompile Include="CLReadOnlyPointerImplementator.cpp">
      <Filter>Source\SmartPointer</Filter>
    </ClCompile>
    <ClCompile Include="CLReadWritePointerImplementator.cpp">
      <Filter>Source\SmartPointer</Filter>
    </ClCompile>
    <ClCompile Include="CLWritePointerImplementator.cpp">
      <Filter>Source\SmartPointer</Filter>
    </ClCompile>
    <ClCompile Include="TSLList.cpp">
      <Filter>Test\Source</Filter>
    </ClCompile>
  </ItemGroup>
  <ItemGroup>
    <Filter Include="Header">
      <UniqueIdentifier>{ab427eb0-1875-43e8-ab08-8c8cdc2b15b1}</UniqueIdentifier>
    </Filter>
    <Filter Include="Source">
      <UniqueIdentifier>{b747548e-d535-4ae4-8db6-a5781a4cd227}</UniqueIdentifier>
    </Filter>
    <Filter Include="Header\LSA">
      <UniqueIdentifier>{398666f7-4ed9-4444-8668-1c5a6b13fef2}</UniqueIdentifier>
    </Filter>
    <Filter Include="Source\LSA">
      <UniqueIdentifier>{547222b8-928c-48ff-9006-3a5c20aad6e0}</UniqueIdentifier>
    </Filter>
    <Filter Include="Header\Tool">
      <UniqueIdentifier>{9dfc2ccf-cfe1-4cf5-af14-8af3b7bc4658}</UniqueIdentifier>
    </Filter>
    <Filter Include="Header\Object">
      <UniqueIdentifier>{bc6639d2-df16-48ab-98ad-7a96cd706941}</UniqueIdentifier>
    </Filter>
    <Filter Include="Source\Object">
      <UniqueIdentifier>{36ffbe47-5fd6-48f7-a44a-a171830121e8}</UniqueIdentifier>
    </Filter>
    <Filter Include="Test">
      <UniqueIdentifier>{04fd9ebf-2044-4664-b504-5045fe0b3e91}</UniqueIdentifier>
    </Filter>
    <Filter Include="Header\Container">
      <UniqueIdentifier>{6f687055-04c7-464c-90bb-e9d7ea52d4b9}</UniqueIdentifier>
    </Filter>
    <Filter Include="Source\Container">
      <UniqueIdentifier>{9dff7715-59cf-436f-a93b-5428c38d0d8a}</UniqueIdentifier>
    </Filter>
    <Filter Include="Header\Transaction">
      <UniqueIdentifier>{83fc6f8f-efbc-494f-8a0e-05a609050a87}</UniqueIdentifier>
    </Filter>
    <Filter Include="Source\Transaction">
      <UniqueIdentifier>{2ddf9fa5-dd8f-46ca-ab43-a033dac960f8}</UniqueIdentifier>
    </Filter>
    <Filter Include="Header\GC">
      <UniqueIdentifier>{ffee83e2-a39d-4430-85f1-718e63fde078}</UniqueIdentifier>
    </Filter>
    <Filter Include="Source\GC">
      <UniqueIdentifier>{a2c0c455-5f62-40a4-a4a5-d6c2cfaf9432}</UniqueIdentifier>
    </Filter>
    <Filter Include="Header\Tool\Lock">
      <UniqueIdentifier>{e9c6580f-dcf7-4859-a067-4016ea1e3482}</UniqueIdentifier>
    </Filter>
    <Filter Include="Source\Tool">
      <UniqueIdentifier>{6fb63669-2a3e-4563-9a65-ac4777db3ac1}</UniqueIdentifier>
    </Filter>
    <Filter Include="Source\Tool\Lock">
      <UniqueIdentifier>{51de13ca-e623-46c8-a501-892aab0227ab}</UniqueIdentifier>
    </Filter>
    <Filter Include="Header\SmartPointer">
      <UniqueIdentifier>{c6806d5d-d770-4fc1-83a4-ae618793f656}</UniqueIdentifier>
    </Filter>
    <Filter Include="Header\Exception">
      <UniqueIdentifier>{fbd5cc99-35f8-4ded-854b-3fec7bebf614}</UniqueIdentifier>
    </Filter>
    <Filter Include="Source\Exception">
      <UniqueIdentifier>{e2ac50d5-7baf-495a-937b-0511e58075ba}</UniqueIdentifier>
    </Filter>
    <Filter Include="Makefile">
      <UniqueIdentifier>{a9344de4-5607-4839-b044-7d5ebd683f44}</UniqueIdentifier>
    </Filter>
    <Filter Include="Header\NameServer">
      <UniqueIdentifier>{d10728d9-09f6-4f79-b727-56e9703cc599}</UniqueIdentifier>
    </Filter>
    <Filter Include="Source\NameServer">
      <UniqueIdentifier>{3585e440-8df1-44dc-ac94-b9eabe717c67}</UniqueIdentifier>
    </Filter>
    <Filter Include="Source\SmartPointer">
      <UniqueIdentifier>{0ef7c743-c5c2-4587-8b95-4128dd4b108a}</UniqueIdentifier>
    </Filter>
    <Filter Include="Test\Header">
      <UniqueIdentifier>{73fb75d8-f5d6-49be-85a8-de93e85d083b}</UniqueIdentifier>
    </Filter>
    <Filter Include="Test\Source">
      <UniqueIdentifier>{7b4dee2b-90be-4182-a3dc-a8a3cdadb460}</UniqueIdentifier>
    </Filter>
  </ItemGroup>
  <ItemGroup>
    <None Include="TransactionLibrary-Debug.vgdbsettings" />
    <None Include="TransactionLibrary-Release.vgdbsettings" />
    <None Include="debug.mak">
      <Filter>Makefile</Filter>
    </None>
    <None Include="Makefile">
      <Filter>Makefile</Filter>
    </None>
    <None Include="release.mak">
      <Filter>Makefile</Filter>
    </None>
  </ItemGroup>
  <ItemGroup>
    <ClInclude Include="AtomicOperation.h">
      <Filter>Header\Tool</Filter>
    </ClInclude>
    <ClInclude Include="BasicFunctions.h">
      <Filter>Header\Tool</Filter>
    </ClInclude>
    <ClInclude Include="CLCriticalSection.h">
      <Filter>Header\Tool\Lock</Filter>
    </ClInclude>
    <ClInclude Include="CLGarbageCollector.h">
      <Filter>Header\GC</Filter>
    </ClInclude>
    <ClInclude Include="CLLSAClock.h">
      <Filter>Header\LSA</Filter>
    </ClInclude>
    <ClInclude Include="CLMutex.h">
      <Filter>Header\Tool\Lock</Filter>
    </ClInclude>
    <ClInclude Include="CLReadTransaction.h">
      <Filter>Header\Transaction</Filter>
    </ClInclude>
    <ClInclude Include="CLReadTransactionReadedObjects.h">
      <Filter>Header\Container</Filter>
    </ClInclude>
    <ClInclude Include="CLSnapShot.h">
      <Filter>Header\Transaction</Filter>
    </ClInclude>
    <ClInclude Include="CLSpinLock.h">
      <Filter>Header\Tool\Lock</Filter>
    </ClInclude>
    <ClInclude Include="CLThreadTransactionManager.h">
      <Filter>Header\Transaction</Filter>
    </ClInclude>
    <ClInclude Include="CLTLSVariable.h">
      <Filter>Header\Tool</Filter>
    </ClInclude>
    <ClInclude Include="CLTransaction.h">
      <Filter>Header\Transaction</Filter>
    </ClInclude>
    <ClInclude Include="CLTransactionAbort.h">
      <Filter>Header\Exception</Filter>
    </ClInclude>
    <ClInclude Include="CLTransactionalObjectLookupTable.h">
      <Filter>Header\Container</Filter>
    </ClInclude>
    <ClInclude Include="CLWritePointer.h">
      <Filter>Header\SmartPointer</Filter>
    </ClInclude>
    <ClInclude Include="CLWriteTransaction.h">
      <Filter>Header\Transaction</Filter>
    </ClInclude>
    <ClInclude Include="NVMUserObject.h">
      <Filter>Header\Object</Filter>
    </ClInclude>
    <ClInclude Include="SLLList.h">
      <Filter>Header\Tool</Filter>
    </ClInclude>
    <ClInclude Include="SLUserObjectInfo.h">
      <Filter>Header\Object</Filter>
    </ClInclude>
    <ClInclude Include="LSATimeStamp.h">
      <Filter>Header\LSA</Filter>
    </ClInclude>
    <ClInclude Include="ILLock.h">
      <Filter>Header\Tool\Lock</Filter>
    </ClInclude>
    <ClInclude Include="CLTransactionalObject.h">
      <Filter>Header\Object</Filter>
    </ClInclude>
    <ClInclude Include="SLObjectVersion.h">
      <Filter>Header\Object</Filter>
    </ClInclude>
    <ClInclude Include="CLLogItemsSet.h">
      <Filter>Header\Container</Filter>
    </ClInclude>
    <ClInclude Include="TransactionLibraryNameSpace.h">
      <Filter>Header</Filter>
    </ClInclude>
    <ClInclude Include="EMObjectOpenMode.h">
      <Filter>Header\Object</Filter>
    </ClInclude>
    <ClInclude Include="CLWriteTransactionOpenedOjects.h">
      <Filter>Header\Container</Filter>
    </ClInclude>
    <ClInclude Include="CLQuiescentStateManager.h">
      <Filter>Header\GC</Filter>
    </ClInclude>
    <ClInclude Include="CLDeletedObjectSet.h">
      <Filter>Header\GC</Filter>
    </ClInclude>
    <ClInclude Include="CLTransactionalObjectRadixTree.h">
      <Filter>Header\Container</Filter>
    </ClInclude>
    <ClInclude Include="CLNameAddressPair.h">
      <Filter>Header\NameServer</Filter>
    </ClInclude>
    <ClInclude Include="CLNameAddressPairSet.h">
      <Filter>Header\NameServer</Filter>
    </ClInclude>
    <ClInclude Include="CLNameServer.h">
      <Filter>Header\NameServer</Filter>
    </ClInclude>
    <ClInclude Include="SLNVMNameAddressPair.h">
      <Filter>Header\NameServer</Filter>
    </ClInclude>
    <ClInclude Include="CLReadPointer.h">
      <Filter>Header\SmartPointer</Filter>
    </ClInclude>
    <ClInclude Include="CLReadOnlyPointerImplementator.h">
      <Filter>Header\SmartPointer</Filter>
    </ClInclude>
    <ClInclude Include="CLReadWritePointerImplementator.h">
      <Filter>Header\SmartPointer</Filter>
    </ClInclude>
    <ClInclude Include="CLTransactionAPIs.h" />
    <ClInclude Include="CLWritePointerImplementator.h">
      <Filter>Header\SmartPointer</Filter>
    </ClInclude>
    <ClInclude Include="TSLList.h">
      <Filter>Test\Header</Filter>
    </ClInclude>
  </ItemGroup>
</Project>